{
  "version": 4,
  "terraform_version": "1.0.11",
  "serial": 356,
  "lineage": "62f5599f-3aaf-a8c0-6638-a1cb826d60ea",
  "outputs": {},
  "resources": [
    {
      "mode": "data",
      "type": "aws_secretsmanager_secret",
      "name": "cluster_db_credentials",
      "provider": "provider[\"registry.terraform.io/hashicorp/aws\"]",
      "instances": [
        {
          "schema_version": 0,
          "attributes": {
            "arn": "arn:aws:secretsmanager:us-west-2:036512427359:secret:rds-db-credentials-2M57H4",
            "description": "starter db creds for rds data api access",
            "id": "arn:aws:secretsmanager:us-west-2:036512427359:secret:rds-db-credentials-2M57H4",
            "kms_key_id": "",
            "name": "rds-db-credentials",
            "policy": "",
            "rotation_enabled": false,
            "rotation_lambda_arn": "",
            "rotation_rules": [],
            "tags": {
              "engine": "aurora-postgresql"
            }
          },
          "sensitive_attributes": []
        }
      ]
    },
    {
      "mode": "data",
      "type": "aws_secretsmanager_secret_version",
      "name": "starter_api_secret",
      "provider": "provider[\"registry.terraform.io/hashicorp/aws\"]",
      "instances": [
        {
          "schema_version": 0,
          "attributes": {
            "arn": "arn:aws:secretsmanager:us-west-2:036512427359:secret:starter_api_secret-Fo26JG",
            "id": "starter_api_secret|AWSCURRENT",
            "secret_binary": "",
            "secret_id": "starter_api_secret",
            "secret_string": "{\"username\":\"starterapi\",\"password\":\"supersecret\"}",
            "version_id": "e90658d0-ff63-4c5e-be8e-48716fab2bf0",
            "version_stage": "AWSCURRENT",
            "version_stages": [
              "AWSCURRENT"
            ]
          },
          "sensitive_attributes": []
        }
      ]
    },
    {
      "mode": "managed",
      "type": "aws_db_subnet_group",
      "name": "starter-api-db-subnet-group",
      "provider": "provider[\"registry.terraform.io/hashicorp/aws\"]",
      "instances": [
        {
          "schema_version": 0,
          "attributes": {
            "arn": "arn:aws:rds:us-west-2:036512427359:subgrp:database subnets",
            "description": "Subnets for Database Instance",
            "id": "database subnets",
            "name": "database subnets",
            "name_prefix": null,
            "subnet_ids": [
              "subnet-09c85ee9319bea4bb",
              "subnet-0ce45067a52ef4b7b"
            ],
            "tags": {
              "Name": "Database Subnets"
            },
            "tags_all": {
              "Name": "Database Subnets"
            }
          },
          "sensitive_attributes": [],
          "private": "bnVsbA==",
          "dependencies": [
            "aws_subnet.private-subnet-3",
            "aws_subnet.private-subnet-4",
            "aws_vpc.vpc"
          ]
        }
      ]
    },
    {
      "mode": "managed",
      "type": "aws_ecr_repository",
      "name": "starter_api",
      "provider": "provider[\"registry.terraform.io/hashicorp/aws\"]",
      "instances": [
        {
          "schema_version": 0,
          "attributes": {
            "arn": "arn:aws:ecr:us-west-2:036512427359:repository/nps-starter-upserter",
            "encryption_configuration": [
              {
                "encryption_type": "AES256",
                "kms_key": ""
              }
            ],
            "id": "nps-starter-upserter",
            "image_scanning_configuration": [
              {
                "scan_on_push": false
              }
            ],
            "image_tag_mutability": "IMMUTABLE",
            "name": "nps-starter-upserter",
            "registry_id": "036512427359",
            "repository_url": "036512427359.dkr.ecr.us-west-2.amazonaws.com/nps-starter-upserter",
            "tags": null,
            "tags_all": {},
            "timeouts": null
          },
          "sensitive_attributes": [],
          "private": "eyJlMmJmYjczMC1lY2FhLTExZTYtOGY4OC0zNDM2M2JjN2M0YzAiOnsiZGVsZXRlIjoxMjAwMDAwMDAwMDAwfX0="
        }
      ]
    },
    {
      "mode": "managed",
      "type": "aws_eip",
      "name": "eip-for-nat-gateway-1",
      "provider": "provider[\"registry.terraform.io/hashicorp/aws\"]",
      "instances": [
        {
          "schema_version": 0,
          "attributes": {
            "address": null,
            "allocation_id": null,
            "associate_with_private_ip": null,
            "association_id": "",
            "carrier_ip": "",
            "customer_owned_ip": "",
            "customer_owned_ipv4_pool": "",
            "domain": "vpc",
            "id": "eipalloc-00fdcb2298a81f7ec",
            "instance": "",
            "network_border_group": "us-west-2",
            "network_interface": "",
            "private_dns": null,
            "private_ip": "",
            "public_dns": "ec2-100-21-59-22.us-west-2.compute.amazonaws.com",
            "public_ip": "100.21.59.22",
            "public_ipv4_pool": "amazon",
            "tags": {
              "Name": "EIP 1"
            },
            "tags_all": {
              "Name": "EIP 1"
            },
            "timeouts": null,
            "vpc": true
          },
          "sensitive_attributes": [],
          "private": "eyJlMmJmYjczMC1lY2FhLTExZTYtOGY4OC0zNDM2M2JjN2M0YzAiOnsiZGVsZXRlIjoxODAwMDAwMDAwMDAsInJlYWQiOjkwMDAwMDAwMDAwMCwidXBkYXRlIjozMDAwMDAwMDAwMDB9fQ=="
        }
      ]
    },
    {
      "mode": "managed",
      "type": "aws_eip",
      "name": "eip-for-nat-gateway-2",
      "provider": "provider[\"registry.terraform.io/hashicorp/aws\"]",
      "instances": [
        {
          "schema_version": 0,
          "attributes": {
            "address": null,
            "allocation_id": null,
            "associate_with_private_ip": null,
            "association_id": "",
            "carrier_ip": "",
            "customer_owned_ip": "",
            "customer_owned_ipv4_pool": "",
            "domain": "vpc",
            "id": "eipalloc-07a9e9aab8d4d9556",
            "instance": "",
            "network_border_group": "us-west-2",
            "network_interface": "",
            "private_dns": null,
            "private_ip": "",
            "public_dns": "ec2-52-12-244-174.us-west-2.compute.amazonaws.com",
            "public_ip": "52.12.244.174",
            "public_ipv4_pool": "amazon",
            "tags": {
              "Name": "EIP 2"
            },
            "tags_all": {
              "Name": "EIP 2"
            },
            "timeouts": null,
            "vpc": true
          },
          "sensitive_attributes": [],
          "private": "eyJlMmJmYjczMC1lY2FhLTExZTYtOGY4OC0zNDM2M2JjN2M0YzAiOnsiZGVsZXRlIjoxODAwMDAwMDAwMDAsInJlYWQiOjkwMDAwMDAwMDAwMCwidXBkYXRlIjozMDAwMDAwMDAwMDB9fQ=="
        }
      ]
    },
    {
      "mode": "managed",
      "type": "aws_iam_role",
      "name": "starter_data_upserter_iam_role",
      "provider": "provider[\"registry.terraform.io/hashicorp/aws\"]",
      "instances": []
    },
    {
      "mode": "managed",
      "type": "aws_internet_gateway",
      "name": "internet-gateway",
      "provider": "provider[\"registry.terraform.io/hashicorp/aws\"]",
      "instances": [
        {
          "schema_version": 0,
          "attributes": {
            "arn": "arn:aws:ec2:us-west-2:036512427359:internet-gateway/igw-011a5f5aeeee8526a",
            "id": "igw-011a5f5aeeee8526a",
            "owner_id": "036512427359",
            "tags": {
              "Name": "Test IGW"
            },
            "tags_all": {
              "Name": "Test IGW"
            },
            "vpc_id": "vpc-0bc6b7bb467b91500"
          },
          "sensitive_attributes": [],
          "private": "bnVsbA==",
          "dependencies": [
            "aws_vpc.vpc"
          ]
        }
      ]
    },
    {
      "mode": "managed",
      "type": "aws_kms_alias",
      "name": "starter-api-postgresql",
      "provider": "provider[\"registry.terraform.io/hashicorp/aws\"]",
      "instances": [
        {
          "schema_version": 0,
          "attributes": {
            "arn": "arn:aws:kms:us-west-2:036512427359:alias/starter-api-postgresql-key",
            "id": "alias/starter-api-postgresql-key",
            "name": "alias/starter-api-postgresql-key",
            "name_prefix": "",
            "target_key_arn": "arn:aws:kms:us-west-2:036512427359:key/3daf3275-b96a-4d12-b200-e29a55397b3d",
            "target_key_id": "3daf3275-b96a-4d12-b200-e29a55397b3d"
          },
          "sensitive_attributes": [],
          "private": "bnVsbA==",
          "dependencies": [
            "aws_kms_key.starter-api-postgresql"
          ]
        }
      ]
    },
    {
      "mode": "managed",
      "type": "aws_kms_alias",
      "name": "starter_data_upserter_key_alias",
      "provider": "provider[\"registry.terraform.io/hashicorp/aws\"]",
      "instances": [
        {
          "schema_version": 0,
          "attributes": {
            "arn": "arn:aws:kms:us-west-2:036512427359:alias/starter_data_upserter_key",
            "id": "alias/starter_data_upserter_key",
            "name": "alias/starter_data_upserter_key",
            "name_prefix": "",
            "target_key_arn": "arn:aws:kms:us-west-2:036512427359:key/8b5e5928-4d9f-4f56-bba4-0d5590a243ac",
            "target_key_id": "8b5e5928-4d9f-4f56-bba4-0d5590a243ac"
          },
          "sensitive_attributes": [],
          "private": "bnVsbA==",
          "dependencies": [
            "aws_kms_key.starter_data_upserter_key"
          ]
        }
      ]
    },
    {
      "mode": "managed",
      "type": "aws_kms_key",
      "name": "starter-api-postgresql",
      "provider": "provider[\"registry.terraform.io/hashicorp/aws\"]",
      "instances": [
        {
          "schema_version": 0,
          "attributes": {
            "arn": "arn:aws:kms:us-west-2:036512427359:key/3daf3275-b96a-4d12-b200-e29a55397b3d",
            "bypass_policy_lockout_safety_check": false,
            "customer_master_key_spec": "SYMMETRIC_DEFAULT",
            "deletion_window_in_days": null,
            "description": "Key to encrypt postgres data",
            "enable_key_rotation": false,
            "id": "3daf3275-b96a-4d12-b200-e29a55397b3d",
            "is_enabled": true,
            "key_id": "3daf3275-b96a-4d12-b200-e29a55397b3d",
            "key_usage": "ENCRYPT_DECRYPT",
            "policy": "{\"Id\":\"key-default-1\",\"Statement\":[{\"Action\":\"kms:*\",\"Effect\":\"Allow\",\"Principal\":{\"AWS\":\"arn:aws:iam::036512427359:root\"},\"Resource\":\"*\",\"Sid\":\"Enable IAM User Permissions\"}],\"Version\":\"2012-10-17\"}",
            "tags": null,
            "tags_all": {}
          },
          "sensitive_attributes": [],
          "private": "bnVsbA=="
        }
      ]
    },
    {
      "mode": "managed",
      "type": "aws_kms_key",
      "name": "starter_data_upserter_key",
      "provider": "provider[\"registry.terraform.io/hashicorp/aws\"]",
      "instances": [
        {
          "schema_version": 0,
          "attributes": {
            "arn": "arn:aws:kms:us-west-2:036512427359:key/8b5e5928-4d9f-4f56-bba4-0d5590a243ac",
            "bypass_policy_lockout_safety_check": false,
            "customer_master_key_spec": "SYMMETRIC_DEFAULT",
            "deletion_window_in_days": null,
            "description": "Key to encrypt environment variables of starter_data_upserter lambda",
            "enable_key_rotation": false,
            "id": "8b5e5928-4d9f-4f56-bba4-0d5590a243ac",
            "is_enabled": true,
            "key_id": "8b5e5928-4d9f-4f56-bba4-0d5590a243ac",
            "key_usage": "ENCRYPT_DECRYPT",
            "policy": "{\"Id\":\"key-default-1\",\"Statement\":[{\"Action\":\"kms:*\",\"Effect\":\"Allow\",\"Principal\":{\"AWS\":\"arn:aws:iam::036512427359:root\"},\"Resource\":\"*\",\"Sid\":\"Enable IAM User Permissions\"}],\"Version\":\"2012-10-17\"}",
            "tags": null,
            "tags_all": {}
          },
          "sensitive_attributes": [],
          "private": "bnVsbA=="
        }
      ]
    },
    {
      "mode": "managed",
      "type": "aws_lambda_function",
      "name": "starter_data_upserter",
      "provider": "provider[\"registry.terraform.io/hashicorp/aws\"]",
      "instances": []
    },
    {
      "mode": "managed",
      "type": "aws_nat_gateway",
      "name": "nat-gateway-1",
      "provider": "provider[\"registry.terraform.io/hashicorp/aws\"]",
      "instances": []
    },
    {
      "mode": "managed",
      "type": "aws_nat_gateway",
      "name": "nat-gateway-2",
      "provider": "provider[\"registry.terraform.io/hashicorp/aws\"]",
      "instances": []
    },
    {
      "mode": "managed",
      "type": "aws_rds_cluster",
      "name": "starter_api_postgresql",
      "provider": "provider[\"registry.terraform.io/hashicorp/aws\"]",
      "instances": []
    },
    {
      "mode": "managed",
      "type": "aws_route_table",
      "name": "private-route-table-1",
      "provider": "provider[\"registry.terraform.io/hashicorp/aws\"]",
      "instances": []
    },
    {
      "mode": "managed",
      "type": "aws_route_table",
      "name": "private-route-table-2",
      "provider": "provider[\"registry.terraform.io/hashicorp/aws\"]",
      "instances": []
    },
    {
      "mode": "managed",
      "type": "aws_route_table",
      "name": "public-route-table",
      "provider": "provider[\"registry.terraform.io/hashicorp/aws\"]",
      "instances": [
        {
          "schema_version": 0,
          "attributes": {
            "arn": "arn:aws:ec2:us-west-2:036512427359:route-table/rtb-08d4c529e807be21f",
            "id": "rtb-08d4c529e807be21f",
            "owner_id": "036512427359",
            "propagating_vgws": [],
            "route": [
              {
                "carrier_gateway_id": "",
                "cidr_block": "0.0.0.0/0",
                "destination_prefix_list_id": "",
                "egress_only_gateway_id": "",
                "gateway_id": "igw-011a5f5aeeee8526a",
                "instance_id": "",
                "ipv6_cidr_block": "",
                "local_gateway_id": "",
                "nat_gateway_id": "",
                "network_interface_id": "",
                "transit_gateway_id": "",
                "vpc_endpoint_id": "",
                "vpc_peering_connection_id": ""
              }
            ],
            "tags": {
              "Name": "Public Route Table"
            },
            "tags_all": {
              "Name": "Public Route Table"
            },
            "vpc_id": "vpc-0bc6b7bb467b91500"
          },
          "sensitive_attributes": [],
          "private": "bnVsbA==",
          "dependencies": [
            "aws_internet_gateway.internet-gateway",
            "aws_vpc.vpc"
          ]
        }
      ]
    },
    {
      "mode": "managed",
      "type": "aws_route_table_association",
      "name": "private-subnet-1-route-table-association",
      "provider": "provider[\"registry.terraform.io/hashicorp/aws\"]",
      "instances": []
    },
    {
      "mode": "managed",
      "type": "aws_route_table_association",
      "name": "private-subnet-2-route-table-association",
      "provider": "provider[\"registry.terraform.io/hashicorp/aws\"]",
      "instances": []
    },
    {
      "mode": "managed",
      "type": "aws_route_table_association",
      "name": "private-subnet-3-route-table-association",
      "provider": "provider[\"registry.terraform.io/hashicorp/aws\"]",
      "instances": []
    },
    {
      "mode": "managed",
      "type": "aws_route_table_association",
      "name": "private-subnet-4-route-table-association",
      "provider": "provider[\"registry.terraform.io/hashicorp/aws\"]",
      "instances": []
    },
    {
      "mode": "managed",
      "type": "aws_route_table_association",
      "name": "public-subnet-1-route-table-association",
      "provider": "provider[\"registry.terraform.io/hashicorp/aws\"]",
      "instances": [
        {
          "schema_version": 0,
          "attributes": {
            "gateway_id": "",
            "id": "rtbassoc-0c76f623aa9a2b12a",
            "route_table_id": "rtb-08d4c529e807be21f",
            "subnet_id": "subnet-09a4f1a548b912ac2"
          },
          "sensitive_attributes": [],
          "private": "bnVsbA==",
          "dependencies": [
            "aws_internet_gateway.internet-gateway",
            "aws_route_table.public-route-table",
            "aws_subnet.public-subnet-1",
            "aws_vpc.vpc"
          ]
        }
      ]
    },
    {
      "mode": "managed",
      "type": "aws_route_table_association",
      "name": "public-subnet-2-route-table-association",
      "provider": "provider[\"registry.terraform.io/hashicorp/aws\"]",
      "instances": [
        {
          "schema_version": 0,
          "attributes": {
            "gateway_id": "",
            "id": "rtbassoc-0849b664178847399",
            "route_table_id": "rtb-08d4c529e807be21f",
            "subnet_id": "subnet-0654b56699af51b78"
          },
          "sensitive_attributes": [],
          "private": "bnVsbA==",
          "dependencies": [
            "aws_internet_gateway.internet-gateway",
            "aws_route_table.public-route-table",
            "aws_subnet.public-subnet-2",
            "aws_vpc.vpc"
          ]
        }
      ]
    },
    {
      "mode": "managed",
      "type": "aws_security_group",
      "name": "alb-security-group",
      "provider": "provider[\"registry.terraform.io/hashicorp/aws\"]",
      "instances": [
        {
          "schema_version": 1,
          "attributes": {
            "arn": "arn:aws:ec2:us-west-2:036512427359:security-group/sg-096c6848d3a1374ab",
            "description": "Enable HTTP/HTTPS access on port 80/443",
            "egress": [
              {
                "cidr_blocks": [
                  "0.0.0.0/0"
                ],
                "description": "",
                "from_port": 0,
                "ipv6_cidr_blocks": [],
                "prefix_list_ids": [],
                "protocol": "-1",
                "security_groups": [],
                "self": false,
                "to_port": 0
              }
            ],
            "id": "sg-096c6848d3a1374ab",
            "ingress": [
              {
                "cidr_blocks": [
                  "0.0.0.0/0"
                ],
                "description": "HTTP Access",
                "from_port": 80,
                "ipv6_cidr_blocks": [],
                "prefix_list_ids": [],
                "protocol": "tcp",
                "security_groups": [],
                "self": false,
                "to_port": 80
              },
              {
                "cidr_blocks": [
                  "0.0.0.0/0"
                ],
                "description": "HTTPS Access",
                "from_port": 443,
                "ipv6_cidr_blocks": [],
                "prefix_list_ids": [],
                "protocol": "tcp",
                "security_groups": [],
                "self": false,
                "to_port": 443
              }
            ],
            "name": "ALB Security Group",
            "name_prefix": "",
            "owner_id": "036512427359",
            "revoke_rules_on_delete": false,
            "tags": {
              "Name": "ALB Security Group"
            },
            "tags_all": {
              "Name": "ALB Security Group"
            },
            "timeouts": null,
            "vpc_id": "vpc-0bc6b7bb467b91500"
          },
          "sensitive_attributes": [],
          "private": "eyJlMmJmYjczMC1lY2FhLTExZTYtOGY4OC0zNDM2M2JjN2M0YzAiOnsiY3JlYXRlIjo2MDAwMDAwMDAwMDAsImRlbGV0ZSI6OTAwMDAwMDAwMDAwfSwic2NoZW1hX3ZlcnNpb24iOiIxIn0=",
          "dependencies": [
            "aws_vpc.vpc"
          ]
        }
      ]
    },
    {
      "mode": "managed",
      "type": "aws_security_group",
      "name": "database-security-group",
      "provider": "provider[\"registry.terraform.io/hashicorp/aws\"]",
      "instances": [
        {
          "schema_version": 1,
          "attributes": {
            "arn": "arn:aws:ec2:us-west-2:036512427359:security-group/sg-005cdebc40efe9828",
            "description": "Enable MySQL/Aurora access on Port 3306",
            "egress": [
              {
                "cidr_blocks": [
                  "0.0.0.0/0"
                ],
                "description": "",
                "from_port": 0,
                "ipv6_cidr_blocks": [],
                "prefix_list_ids": [],
                "protocol": "-1",
                "security_groups": [],
                "self": false,
                "to_port": 0
              }
            ],
            "id": "sg-005cdebc40efe9828",
            "ingress": [
              {
                "cidr_blocks": [],
                "description": "MySQL/Aurora Access",
                "from_port": 3306,
                "ipv6_cidr_blocks": [],
                "prefix_list_ids": [],
                "protocol": "tcp",
                "security_groups": [
                  "sg-059ae97fb7ef9e968"
                ],
                "self": false,
                "to_port": 3306
              }
            ],
            "name": "Database Security Group",
            "name_prefix": "",
            "owner_id": "036512427359",
            "revoke_rules_on_delete": false,
            "tags": {
              "Name": "Database Security Group"
            },
            "tags_all": {
              "Name": "Database Security Group"
            },
            "timeouts": null,
            "vpc_id": "vpc-0bc6b7bb467b91500"
          },
          "sensitive_attributes": [],
          "private": "eyJlMmJmYjczMC1lY2FhLTExZTYtOGY4OC0zNDM2M2JjN2M0YzAiOnsiY3JlYXRlIjo2MDAwMDAwMDAwMDAsImRlbGV0ZSI6OTAwMDAwMDAwMDAwfSwic2NoZW1hX3ZlcnNpb24iOiIxIn0=",
          "dependencies": [
            "aws_security_group.alb-security-group",
            "aws_security_group.ssh-security-group",
            "aws_security_group.webserver-security-group",
            "aws_vpc.vpc"
          ]
        }
      ]
    },
    {
      "mode": "managed",
      "type": "aws_security_group",
      "name": "ssh-security-group",
      "provider": "provider[\"registry.terraform.io/hashicorp/aws\"]",
      "instances": [
        {
          "schema_version": 1,
          "attributes": {
            "arn": "arn:aws:ec2:us-west-2:036512427359:security-group/sg-0953d1298b647e94a",
            "description": "Enable SSH Access on Port 22",
            "egress": [
              {
                "cidr_blocks": [
                  "0.0.0.0/0"
                ],
                "description": "",
                "from_port": 0,
                "ipv6_cidr_blocks": [],
                "prefix_list_ids": [],
                "protocol": "-1",
                "security_groups": [],
                "self": false,
                "to_port": 0
              }
            ],
            "id": "sg-0953d1298b647e94a",
            "ingress": [
              {
                "cidr_blocks": [
                  "0.0.0.0/0"
                ],
                "description": "SSH Access",
                "from_port": 22,
                "ipv6_cidr_blocks": [],
                "prefix_list_ids": [],
                "protocol": "tcp",
                "security_groups": [],
                "self": false,
                "to_port": 22
              }
            ],
            "name": "SSH Access",
            "name_prefix": "",
            "owner_id": "036512427359",
            "revoke_rules_on_delete": false,
            "tags": {
              "Name": "SSH Security Group"
            },
            "tags_all": {
              "Name": "SSH Security Group"
            },
            "timeouts": null,
            "vpc_id": "vpc-0bc6b7bb467b91500"
          },
          "sensitive_attributes": [],
          "private": "eyJlMmJmYjczMC1lY2FhLTExZTYtOGY4OC0zNDM2M2JjN2M0YzAiOnsiY3JlYXRlIjo2MDAwMDAwMDAwMDAsImRlbGV0ZSI6OTAwMDAwMDAwMDAwfSwic2NoZW1hX3ZlcnNpb24iOiIxIn0=",
          "dependencies": [
            "aws_vpc.vpc"
          ]
        }
      ]
    },
    {
      "mode": "managed",
      "type": "aws_security_group",
      "name": "starter-api-db-security-group",
      "provider": "provider[\"registry.terraform.io/hashicorp/aws\"]",
      "instances": [
        {
          "schema_version": 1,
          "attributes": {
            "arn": "arn:aws:ec2:us-west-2:036512427359:security-group/sg-0c264f02fbf1a2e3f",
            "description": "Security group for Starter API DB subnet",
            "egress": [
              {
                "cidr_blocks": [
                  "0.0.0.0/0"
                ],
                "description": "",
                "from_port": 0,
                "ipv6_cidr_blocks": [],
                "prefix_list_ids": [],
                "protocol": "-1",
                "security_groups": [],
                "self": false,
                "to_port": 0
              }
            ],
            "id": "sg-0c264f02fbf1a2e3f",
            "ingress": [
              {
                "cidr_blocks": [],
                "description": "",
                "from_port": 5432,
                "ipv6_cidr_blocks": [],
                "prefix_list_ids": [],
                "protocol": "tcp",
                "security_groups": [],
                "self": false,
                "to_port": 5432
              }
            ],
            "name": "starter-api-db-security-group",
            "name_prefix": "",
            "owner_id": "036512427359",
            "revoke_rules_on_delete": false,
            "tags": null,
            "tags_all": {},
            "timeouts": null,
            "vpc_id": "vpc-0bc6b7bb467b91500"
          },
          "sensitive_attributes": [],
          "private": "eyJlMmJmYjczMC1lY2FhLTExZTYtOGY4OC0zNDM2M2JjN2M0YzAiOnsiY3JlYXRlIjo2MDAwMDAwMDAwMDAsImRlbGV0ZSI6OTAwMDAwMDAwMDAwfSwic2NoZW1hX3ZlcnNpb24iOiIxIn0=",
          "dependencies": [
            "aws_vpc.vpc"
          ]
        }
      ]
    },
    {
      "mode": "managed",
      "type": "aws_security_group",
      "name": "starter_data_upserter_security_group",
      "provider": "provider[\"registry.terraform.io/hashicorp/aws\"]",
      "instances": [
        {
          "schema_version": 1,
          "attributes": {
            "arn": "arn:aws:ec2:us-west-2:036512427359:security-group/sg-093798ecad9baab8d",
            "description": "Security group for Starter API/Lambda",
            "egress": [
              {
                "cidr_blocks": [
                  "0.0.0.0/0"
                ],
                "description": "",
                "from_port": 0,
                "ipv6_cidr_blocks": [],
                "prefix_list_ids": [],
                "protocol": "-1",
                "security_groups": [],
                "self": false,
                "to_port": 0
              }
            ],
            "id": "sg-093798ecad9baab8d",
            "ingress": [
              {
                "cidr_blocks": [],
                "description": "",
                "from_port": 0,
                "ipv6_cidr_blocks": [],
                "prefix_list_ids": [],
                "protocol": "tcp",
                "security_groups": [],
                "self": true,
                "to_port": 65535
              }
            ],
            "name": "starter-get-data",
            "name_prefix": "",
            "owner_id": "036512427359",
            "revoke_rules_on_delete": false,
            "tags": null,
            "tags_all": {},
            "timeouts": null,
            "vpc_id": "vpc-0bc6b7bb467b91500"
          },
          "sensitive_attributes": [],
          "private": "eyJlMmJmYjczMC1lY2FhLTExZTYtOGY4OC0zNDM2M2JjN2M0YzAiOnsiY3JlYXRlIjo2MDAwMDAwMDAwMDAsImRlbGV0ZSI6OTAwMDAwMDAwMDAwfSwic2NoZW1hX3ZlcnNpb24iOiIxIn0=",
          "dependencies": [
            "aws_vpc.vpc"
          ]
        }
      ]
    },
    {
      "mode": "managed",
      "type": "aws_security_group",
      "name": "webserver-security-group",
      "provider": "provider[\"registry.terraform.io/hashicorp/aws\"]",
      "instances": [
        {
          "schema_version": 1,
          "attributes": {
            "arn": "arn:aws:ec2:us-west-2:036512427359:security-group/sg-059ae97fb7ef9e968",
            "description": "Enable HTTP/HTTPS access on Port 80/443 via ALB and SSH on Port 22 via SSH SG",
            "egress": [
              {
                "cidr_blocks": [
                  "0.0.0.0/0"
                ],
                "description": "",
                "from_port": 0,
                "ipv6_cidr_blocks": [],
                "prefix_list_ids": [],
                "protocol": "-1",
                "security_groups": [],
                "self": false,
                "to_port": 0
              }
            ],
            "id": "sg-059ae97fb7ef9e968",
            "ingress": [
              {
                "cidr_blocks": [],
                "description": "HTTP Access",
                "from_port": 80,
                "ipv6_cidr_blocks": [],
                "prefix_list_ids": [],
                "protocol": "tcp",
                "security_groups": [
                  "sg-096c6848d3a1374ab"
                ],
                "self": false,
                "to_port": 80
              },
              {
                "cidr_blocks": [],
                "description": "HTTPS Access",
                "from_port": 443,
                "ipv6_cidr_blocks": [],
                "prefix_list_ids": [],
                "protocol": "tcp",
                "security_groups": [
                  "sg-096c6848d3a1374ab"
                ],
                "self": false,
                "to_port": 443
              },
              {
                "cidr_blocks": [],
                "description": "SSH Access",
                "from_port": 22,
                "ipv6_cidr_blocks": [],
                "prefix_list_ids": [],
                "protocol": "tcp",
                "security_groups": [
                  "sg-0953d1298b647e94a"
                ],
                "self": false,
                "to_port": 22
              }
            ],
            "name": "Web Server Security Group",
            "name_prefix": "",
            "owner_id": "036512427359",
            "revoke_rules_on_delete": false,
            "tags": {
              "Name": "Web Server Security Group"
            },
            "tags_all": {
              "Name": "Web Server Security Group"
            },
            "timeouts": null,
            "vpc_id": "vpc-0bc6b7bb467b91500"
          },
          "sensitive_attributes": [],
          "private": "eyJlMmJmYjczMC1lY2FhLTExZTYtOGY4OC0zNDM2M2JjN2M0YzAiOnsiY3JlYXRlIjo2MDAwMDAwMDAwMDAsImRlbGV0ZSI6OTAwMDAwMDAwMDAwfSwic2NoZW1hX3ZlcnNpb24iOiIxIn0=",
          "dependencies": [
            "aws_security_group.alb-security-group",
            "aws_security_group.ssh-security-group",
            "aws_vpc.vpc"
          ]
        }
      ]
    },
    {
      "mode": "managed",
      "type": "aws_subnet",
      "name": "private-subnet-1",
      "provider": "provider[\"registry.terraform.io/hashicorp/aws\"]",
      "instances": [
        {
          "schema_version": 1,
          "attributes": {
            "arn": "arn:aws:ec2:us-west-2:036512427359:subnet/subnet-0760d227e0eebf6c1",
            "assign_ipv6_address_on_creation": false,
            "availability_zone": "us-west-2a",
            "availability_zone_id": "usw2-az1",
            "cidr_block": "10.0.2.0/24",
            "customer_owned_ipv4_pool": "",
            "id": "subnet-0760d227e0eebf6c1",
            "ipv6_cidr_block": "",
            "ipv6_cidr_block_association_id": "",
            "map_customer_owned_ip_on_launch": false,
            "map_public_ip_on_launch": false,
            "outpost_arn": "",
            "owner_id": "036512427359",
            "tags": {
              "Name": "Private Subnet 1 | App Tier"
            },
            "tags_all": {
              "Name": "Private Subnet 1 | App Tier"
            },
            "timeouts": null,
            "vpc_id": "vpc-0bc6b7bb467b91500"
          },
          "sensitive_attributes": [],
          "private": "eyJlMmJmYjczMC1lY2FhLTExZTYtOGY4OC0zNDM2M2JjN2M0YzAiOnsiY3JlYXRlIjo2MDAwMDAwMDAwMDAsImRlbGV0ZSI6MTIwMDAwMDAwMDAwMH0sInNjaGVtYV92ZXJzaW9uIjoiMSJ9",
          "dependencies": [
            "aws_vpc.vpc"
          ]
        }
      ]
    },
    {
      "mode": "managed",
      "type": "aws_subnet",
      "name": "private-subnet-2",
      "provider": "provider[\"registry.terraform.io/hashicorp/aws\"]",
      "instances": [
        {
          "schema_version": 1,
          "attributes": {
            "arn": "arn:aws:ec2:us-west-2:036512427359:subnet/subnet-09048ac15e98c36cb",
            "assign_ipv6_address_on_creation": false,
            "availability_zone": "us-west-2b",
            "availability_zone_id": "usw2-az2",
            "cidr_block": "10.0.3.0/24",
            "customer_owned_ipv4_pool": "",
            "id": "subnet-09048ac15e98c36cb",
            "ipv6_cidr_block": "",
            "ipv6_cidr_block_association_id": "",
            "map_customer_owned_ip_on_launch": false,
            "map_public_ip_on_launch": false,
            "outpost_arn": "",
            "owner_id": "036512427359",
            "tags": {
              "Name": "Private Subnet 2 | App Tier"
            },
            "tags_all": {
              "Name": "Private Subnet 2 | App Tier"
            },
            "timeouts": null,
            "vpc_id": "vpc-0bc6b7bb467b91500"
          },
          "sensitive_attributes": [],
          "private": "eyJlMmJmYjczMC1lY2FhLTExZTYtOGY4OC0zNDM2M2JjN2M0YzAiOnsiY3JlYXRlIjo2MDAwMDAwMDAwMDAsImRlbGV0ZSI6MTIwMDAwMDAwMDAwMH0sInNjaGVtYV92ZXJzaW9uIjoiMSJ9",
          "dependencies": [
            "aws_vpc.vpc"
          ]
        }
      ]
    },
    {
      "mode": "managed",
      "type": "aws_subnet",
      "name": "private-subnet-3",
      "provider": "provider[\"registry.terraform.io/hashicorp/aws\"]",
      "instances": [
        {
          "schema_version": 1,
          "attributes": {
            "arn": "arn:aws:ec2:us-west-2:036512427359:subnet/subnet-09c85ee9319bea4bb",
            "assign_ipv6_address_on_creation": false,
            "availability_zone": "us-west-2a",
            "availability_zone_id": "usw2-az1",
            "cidr_block": "10.0.4.0/24",
            "customer_owned_ipv4_pool": "",
            "id": "subnet-09c85ee9319bea4bb",
            "ipv6_cidr_block": "",
            "ipv6_cidr_block_association_id": "",
            "map_customer_owned_ip_on_launch": false,
            "map_public_ip_on_launch": false,
            "outpost_arn": "",
            "owner_id": "036512427359",
            "tags": {
              "Name": "Private Subnet 3 | Database Tier"
            },
            "tags_all": {
              "Name": "Private Subnet 3 | Database Tier"
            },
            "timeouts": null,
            "vpc_id": "vpc-0bc6b7bb467b91500"
          },
          "sensitive_attributes": [],
          "private": "eyJlMmJmYjczMC1lY2FhLTExZTYtOGY4OC0zNDM2M2JjN2M0YzAiOnsiY3JlYXRlIjo2MDAwMDAwMDAwMDAsImRlbGV0ZSI6MTIwMDAwMDAwMDAwMH0sInNjaGVtYV92ZXJzaW9uIjoiMSJ9",
          "dependencies": [
            "aws_vpc.vpc"
          ]
        }
      ]
    },
    {
      "mode": "managed",
      "type": "aws_subnet",
      "name": "private-subnet-4",
      "provider": "provider[\"registry.terraform.io/hashicorp/aws\"]",
      "instances": [
        {
          "schema_version": 1,
          "attributes": {
            "arn": "arn:aws:ec2:us-west-2:036512427359:subnet/subnet-0ce45067a52ef4b7b",
            "assign_ipv6_address_on_creation": false,
            "availability_zone": "us-west-2b",
            "availability_zone_id": "usw2-az2",
            "cidr_block": "10.0.5.0/24",
            "customer_owned_ipv4_pool": "",
            "id": "subnet-0ce45067a52ef4b7b",
            "ipv6_cidr_block": "",
            "ipv6_cidr_block_association_id": "",
            "map_customer_owned_ip_on_launch": false,
            "map_public_ip_on_launch": false,
            "outpost_arn": "",
            "owner_id": "036512427359",
            "tags": {
              "Name": "Private Subnet 4 | Database Tier"
            },
            "tags_all": {
              "Name": "Private Subnet 4 | Database Tier"
            },
            "timeouts": null,
            "vpc_id": "vpc-0bc6b7bb467b91500"
          },
          "sensitive_attributes": [],
          "private": "eyJlMmJmYjczMC1lY2FhLTExZTYtOGY4OC0zNDM2M2JjN2M0YzAiOnsiY3JlYXRlIjo2MDAwMDAwMDAwMDAsImRlbGV0ZSI6MTIwMDAwMDAwMDAwMH0sInNjaGVtYV92ZXJzaW9uIjoiMSJ9",
          "dependencies": [
            "aws_vpc.vpc"
          ]
        }
      ]
    },
    {
      "mode": "managed",
      "type": "aws_subnet",
      "name": "public-subnet-1",
      "provider": "provider[\"registry.terraform.io/hashicorp/aws\"]",
      "instances": [
        {
          "schema_version": 1,
          "attributes": {
            "arn": "arn:aws:ec2:us-west-2:036512427359:subnet/subnet-09a4f1a548b912ac2",
            "assign_ipv6_address_on_creation": false,
            "availability_zone": "us-west-2a",
            "availability_zone_id": "usw2-az1",
            "cidr_block": "10.0.0.0/24",
            "customer_owned_ipv4_pool": "",
            "id": "subnet-09a4f1a548b912ac2",
            "ipv6_cidr_block": "",
            "ipv6_cidr_block_association_id": "",
            "map_customer_owned_ip_on_launch": false,
            "map_public_ip_on_launch": true,
            "outpost_arn": "",
            "owner_id": "036512427359",
            "tags": {
              "Name": "Public Subnet 1"
            },
            "tags_all": {
              "Name": "Public Subnet 1"
            },
            "timeouts": null,
            "vpc_id": "vpc-0bc6b7bb467b91500"
          },
          "sensitive_attributes": [],
          "private": "eyJlMmJmYjczMC1lY2FhLTExZTYtOGY4OC0zNDM2M2JjN2M0YzAiOnsiY3JlYXRlIjo2MDAwMDAwMDAwMDAsImRlbGV0ZSI6MTIwMDAwMDAwMDAwMH0sInNjaGVtYV92ZXJzaW9uIjoiMSJ9",
          "dependencies": [
            "aws_vpc.vpc"
          ]
        }
      ]
    },
    {
      "mode": "managed",
      "type": "aws_subnet",
      "name": "public-subnet-2",
      "provider": "provider[\"registry.terraform.io/hashicorp/aws\"]",
      "instances": [
        {
          "schema_version": 1,
          "attributes": {
            "arn": "arn:aws:ec2:us-west-2:036512427359:subnet/subnet-0654b56699af51b78",
            "assign_ipv6_address_on_creation": false,
            "availability_zone": "us-west-2b",
            "availability_zone_id": "usw2-az2",
            "cidr_block": "10.0.1.0/24",
            "customer_owned_ipv4_pool": "",
            "id": "subnet-0654b56699af51b78",
            "ipv6_cidr_block": "",
            "ipv6_cidr_block_association_id": "",
            "map_customer_owned_ip_on_launch": false,
            "map_public_ip_on_launch": true,
            "outpost_arn": "",
            "owner_id": "036512427359",
            "tags": {
              "Name": "Public Subnet 2"
            },
            "tags_all": {
              "Name": "Public Subnet 2"
            },
            "timeouts": null,
            "vpc_id": "vpc-0bc6b7bb467b91500"
          },
          "sensitive_attributes": [],
          "private": "eyJlMmJmYjczMC1lY2FhLTExZTYtOGY4OC0zNDM2M2JjN2M0YzAiOnsiY3JlYXRlIjo2MDAwMDAwMDAwMDAsImRlbGV0ZSI6MTIwMDAwMDAwMDAwMH0sInNjaGVtYV92ZXJzaW9uIjoiMSJ9",
          "dependencies": [
            "aws_vpc.vpc"
          ]
        }
      ]
    },
    {
      "mode": "managed",
      "type": "aws_vpc",
      "name": "vpc",
      "provider": "provider[\"registry.terraform.io/hashicorp/aws\"]",
      "instances": [
        {
          "schema_version": 1,
          "attributes": {
            "arn": "arn:aws:ec2:us-west-2:036512427359:vpc/vpc-0bc6b7bb467b91500",
            "assign_generated_ipv6_cidr_block": false,
            "cidr_block": "10.0.0.0/16",
            "default_network_acl_id": "acl-0a2d77fe4c2a23bff",
            "default_route_table_id": "rtb-0cfeeda62e963abd1",
            "default_security_group_id": "sg-0e8a960aab9a87245",
            "dhcp_options_id": "dopt-4a8b6a2f",
            "enable_classiclink": false,
            "enable_classiclink_dns_support": false,
            "enable_dns_hostnames": true,
            "enable_dns_support": true,
            "id": "vpc-0bc6b7bb467b91500",
            "instance_tenancy": "default",
            "ipv6_association_id": "",
            "ipv6_cidr_block": "",
            "main_route_table_id": "rtb-0cfeeda62e963abd1",
            "owner_id": "036512427359",
            "tags": {
              "Name": "Test VPC"
            },
            "tags_all": {
              "Name": "Test VPC"
            }
          },
          "sensitive_attributes": [],
          "private": "eyJzY2hlbWFfdmVyc2lvbiI6IjEifQ=="
        }
      ]
    },
    {
      "module": "module.migrations-lambda.module.lambda_docker_image",
      "mode": "data",
      "type": "aws_caller_identity",
      "name": "this",
      "provider": "provider[\"registry.terraform.io/hashicorp/aws\"]",
      "instances": [
        {
          "schema_version": 0,
          "attributes": {
            "account_id": "036512427359",
            "arn": "arn:aws:iam::036512427359:user/terraform-user",
            "id": "036512427359",
            "user_id": "AIDAQRACPNVP5I4YRIFQ7"
          },
          "sensitive_attributes": []
        }
      ]
    },
    {
      "module": "module.migrations-lambda.module.lambda_docker_image",
      "mode": "data",
      "type": "aws_ecr_authorization_token",
      "name": "token",
      "provider": "provider[\"registry.terraform.io/hashicorp/aws\"]",
      "instances": [
        {
          "schema_version": 0,
          "attributes": {
            "authorization_token": "QVdTOmV5SndZWGxzYjJGa0lqb2lRVko2VlRSYWNETXpVRWhCT0hKamRXVjJjRE5ETW0xeU1VNVdhRFp2ZFRONVZuVlFUVVpVVm1kdmVpOVhaREpZTDFjd01rWTFRemhFUW5vemJ6bDFiMFZoTjJKcVMzZHRPRUZIZFRodFRGcEhiU3RsU0VSWGFuUTFZbWhzVUhKb1FraEpaR1JvUmtOWGVTOVVTak52ZUhSb2JUbG1Nakp5VWtodmRWaHhaRUpPSzNaM1dteGtkRnBWYW5oeFVDODBSMnRDVmpCM1kyY3hiWEp3UldsVVQwWnNNMXB3U0hST2QxVjBiWEZCTTNscFpqQlBabmxUWjBoMU1HbDJSV2RZU2tWcFZXWnpUVFZQY21wYVNEWjVSakJOVnpCWFpWaGxRMHhYTHpaNVEwaHRhSE5EUjJJMlUzTm1VbGRRTW5RMVlXOVFibWxMSzFWTU4zRnpZamhZYmtsT2J6RkRkMmwzY1dsSFdYZ3JhVlpLU1VGc1FXdFJlRVV3Tm00d2FVcHZkbTQyV0VnM05HSklVV3RxTlZFdllraFlPWEJYY1ZSeU5rbHRXWFZTTjB4bE0yZG1RVFJqYUd4d2RFVlBRVTlsYmpORVlVazNVVUZXZDNrM2VYZDRZa05CV1hJek1ra3JiVkJwVERWQ2RFeFFNSGhYTDNwSFdrUXdVamhPV2toVVJ6QnZVWEl3ZW1ZMVdYRkpWMDQyTTBscVlrRnRhMDFKZGtZMU9IZGxiazVSTWxZeWRqWnpXVWxzTWxad2EweEhOekJUT0M5bWQycGFRMWN5UlRoRmFXSk1VbFJ2TkRFM2J5OXlNMWRITjB3NWVreFVPSEJIYUV3dlkxRktSWGxEU0UxaFVrOXFSVVZ4ZDIxalFYUTBOVXhuVTBwMmFVMXJabU5DZVVadE9YUkZVV0ZTYW5VM2FsbE5XVVZ1VFRCbk56RlRSbWhpYzJ4WU9ESkxVR0UwUlZwVmJEWkRaakJtWTNKVWJXaE5aMlJHYmxCSldFWTVVVmxWVm5Kdk9Xd3JiVGRSWkRKR1UwRkthVFU1VlZSS1RDOWhkMkUzZEdwbU5FbFRaV0ZXY0dkdFRYaGhOMEpMYzBKS1lsRjNiVEJ0SzJGclJWSlRaRFJQUjBKbVIyUlJjSEJqYkc4eldsSkNhM1k0VEhoWGRqRjJaWGN3V21sNlpXcHRabTlaYkdWbGEySXdiVWx4ZVZsa1lUaDBNamgxZWt0Mk4yOVphemhuWm5GMVRsZFpNWEJrWW1jeWNrRlBOMFJuTDNaQ1ptRlphMWhHZGxVclNXSTFkRmRWTlc1bVNGZElPWFJzY3pobGFEWXJkekUyUTB4M2F5OUNjekZGTURSUVYwWkpkbmhyUlVkaGFVb3JTa05CYkU1WlNGbHFkV05OUlNzclRqazBRamxHVVZwYWIwdzBkMkZOZEUwM1RqZzFUREZTYm5GclpHMUZhWGN4VTA5aGNscDJWMmgyTlhGWUwzcG1OMmhaYUVNMkwyUlNiWFpKVUhjNWVEVmxiRTlrVVdaUGNqSlJUVmtyZFZaamQxUlJhRTgxWTBSU1YzZG9jamhuUmpKUFRsSkhkU3N6VFdOM2JYbHhjbU5SWjJGR1RFMDBha3REUnpablV6aEZVbUkzTkVKMFVDc3JlVWtyWVdwNFoxQXpWakIxWWxOM1ZITkJlWFpoVERWU2FFbHlORVZuUWtsaUwwNXhiakV4TWpWd01EVm9UVVoyTnpOWFFUZFhTRWh0V0cxeVFpOUVkR05CV0VOeVVWVkRaWFZVUms1MlNFaEtSV3RZV0ZCcWNVUjZRamRMZUVrMVFYVlVWRkJEVEZnd1NDOTVkM1ZNTTBOaVFUMDlJaXdpWkdGMFlXdGxlU0k2SWtGUlJVSkJTR28yYkdNMFdFbEtkeTgzYkc0d1NHTXdNRVJOWldzMlIwVjRTRU5pV1RSU1NYQlVUVU5KTlRoSmJsVjNRVUZCU0RSM1prRlpTa3R2V2tsb2RtTk9RVkZqUjI5SE9IZGlVVWxDUVVSQ2IwSm5hM0ZvYTJsSE9YY3dRa0ozUlhkSVoxbEtXVWxhU1VGWFZVUkNRVVYxVFVKRlJVUk5OQ3R6VWxKb2NXcE5ialpWYWxGd2QwbENSVWxCTjBoQ2FsSkRNR3RsVGpVclJHTkRkRTVVV2xWMmIycDJVa0p0Y2t4Q2RHMUdOV1k1T0VWeGVDdDJRMmh3ZW1jMlMwbHVlUzh3YVhSMlZHcHBiSFJZV1M4M1FpdERhSE4wUVhoTlFuRmFVMnM5SWl3aWRtVnljMmx2YmlJNklqSWlMQ0owZVhCbElqb2lSRUZVUVY5TFJWa2lMQ0psZUhCcGNtRjBhVzl1SWpveE5qTTRORFUzT1RNMGZRPT0=",
            "expires_at": "2021-12-02T15:12:14Z",
            "id": "us-west-2",
            "password": "eyJwYXlsb2FkIjoiQVJ6VTRacDMzUEhBOHJjdWV2cDNDMm1yMU5WaDZvdTN5VnVQTUZUVmdvei9XZDJYL1cwMkY1QzhEQnozbzl1b0VhN2JqS3dtOEFHdThtTFpHbStlSERXanQ1YmhsUHJoQkhJZGRoRkNXeS9USjNveHRobTlmMjJyUkhvdVhxZEJOK3Z3WmxkdFpVanhxUC80R2tCVjB3Y2cxbXJwRWlUT0ZsM1pwSHROd1V0bXFBM3lpZjBPZnlTZ0h1MGl2RWdYSkVpVWZzTTVPcmpaSDZ5RjBNVzBXZVhlQ0xXLzZ5Q0htaHNDR2I2U3NmUldQMnQ1YW9QbmlLK1VMN3FzYjhYbklObzFDd2l3cWlHWXgraVZKSUFsQWtReEUwNm4waUpvdm42WEg3NGJIUWtqNVEvYkhYOXBXcVRyNkltWXVSN0xlM2dmQTRjaGxwdEVPQU9lbjNEYUk3UUFWd3k3eXd4YkNBWXIzMkkrbVBpTDVCdExQMHhXL3pHWkQwUjhOWkhURzBvUXIwemY1WXFJV042M0lqYkFta01JdkY1OHdlbk5RMlYydjZzWUlsMlZwa0xHNzBTOC9md2paQ1cyRThFaWJMUlRvNDE3by9yM1dHN0w5ekxUOHBHaEwvY1FKRXlDSE1hUk9qRUVxd21jQXQ0NUxnU0p2aU1rZmNCeUZtOXRFUWFSanU3allNWUVuTTBnNzFTRmhic2xYODJLUGE0RVpVbDZDZjBmY3JUbWhNZ2RGblBJWEY5UVlVVnJvOWwrbTdRZDJGU0FKaTU5VVRKTC9hd2E3dGpmNElTZWFWcGdtTXhhN0JLc0JKYlF3bTBtK2FrRVJTZDRPR0JmR2RRcHBjbG8zWlJCa3Y4THhXdjF2ZXcwWml6ZWptZm9ZbGVla2IwbUlxeVlkYTh0Mjh1ekt2N29ZazhnZnF1TldZMXBkYmcyckFPN0RnL3ZCZmFZa1hGdlUrSWI1dFdVNW5mSFdIOXRsczhlaDYrdzE2Q0x3ay9CczFFMDRQV0ZJdnhrRUdhaUorSkNBbE5ZSFlqdWNNRSsrTjk0QjlGUVpab0w0d2FNdE03Tjg1TDFSbnFrZG1FaXcxU09hclp2V2h2NXFYL3pmN2hZaEM2L2RSbXZJUHc5eDVlbE9kUWZPcjJRTVkrdVZjd1RRaE81Y0RSV3docjhnRjJPTlJHdSszTWN3bXlxcmNRZ2FGTE00aktDRzZnUzhFUmI3NEJ0UCsreUkrYWp4Z1AzVjB1YlN3VHNBeXZhTDVSaElyNEVnQkliL05xbjExMjVwMDVoTUZ2NzNXQTdXSEhtWG1yQi9EdGNBWENyUVVDZXVURk52SEhKRWtYWFBqcUR6QjdLeEk1QXVUVFBDTFgwSC95d3VMM0NiQT09IiwiZGF0YWtleSI6IkFRRUJBSGo2bGM0WElKdy83bG4wSGMwMERNZWs2R0V4SENiWTRSSXBUTUNJNThJblV3QUFBSDR3ZkFZSktvWklodmNOQVFjR29HOHdiUUlCQURCb0Jna3Foa2lHOXcwQkJ3RXdIZ1lKWUlaSUFXVURCQUV1TUJFRURNNCtzUlJocWpNbjZValFwd0lCRUlBN0hCalJDMGtlTjUrRGNDdE5UWlV2b2p2UkJtckxCdG1GNWY5OEVxeCt2Q2hwemc2S0lueS8waXR2VGppbHRYWS83QitDaHN0QXhNQnFaU2s9IiwidmVyc2lvbiI6IjIiLCJ0eXBlIjoiREFUQV9LRVkiLCJleHBpcmF0aW9uIjoxNjM4NDU3OTM0fQ==",
            "proxy_endpoint": "https://036512427359.dkr.ecr.us-west-2.amazonaws.com",
            "registry_id": null,
            "user_name": "AWS"
          },
          "sensitive_attributes": []
        }
      ]
    },
    {
      "module": "module.migrations-lambda.module.lambda_docker_image",
      "mode": "data",
      "type": "aws_region",
      "name": "current",
      "provider": "provider[\"registry.terraform.io/hashicorp/aws\"]",
      "instances": [
        {
          "schema_version": 0,
          "attributes": {
            "description": "US West (Oregon)",
            "endpoint": "ec2.us-west-2.amazonaws.com",
            "id": "us-west-2",
            "name": "us-west-2"
          },
          "sensitive_attributes": []
        }
      ]
    },
    {
      "module": "module.migrations-lambda.module.lambda_docker_image",
      "mode": "managed",
      "type": "aws_ecr_repository",
      "name": "this",
      "provider": "provider[\"registry.terraform.io/hashicorp/aws\"]",
      "instances": []
    },
    {
      "module": "module.migrations-lambda.module.lambda_docker_image",
      "mode": "managed",
      "type": "docker_registry_image",
      "name": "this",
      "provider": "module.migrations-lambda.module.lambda_docker_image.provider[\"registry.terraform.io/kreuzwerker/docker\"]",
      "instances": []
    },
    {
      "module": "module.migrations-lambda.module.lambda_function_from_container_image",
      "mode": "data",
      "type": "aws_arn",
      "name": "log_group_arn",
      "provider": "provider[\"registry.terraform.io/hashicorp/aws\"]",
      "instances": []
    },
    {
      "module": "module.migrations-lambda.module.lambda_function_from_container_image",
      "mode": "data",
      "type": "aws_cloudwatch_log_group",
      "name": "lambda",
      "provider": "provider[\"registry.terraform.io/hashicorp/aws\"]",
      "instances": []
    },
    {
      "module": "module.migrations-lambda.module.lambda_function_from_container_image",
      "mode": "data",
      "type": "aws_iam_policy",
      "name": "vpc",
      "provider": "provider[\"registry.terraform.io/hashicorp/aws\"]",
      "instances": [
        {
          "index_key": 0,
          "schema_version": 0,
          "attributes": {
            "arn": "arn:aws:iam::aws:policy/service-role/AWSLambdaENIManagementAccess",
            "description": "Provides minimum permissions for a Lambda function to manage ENIs (create, describe, delete) used by a VPC-enabled Lambda Function.",
            "id": "arn:aws:iam::aws:policy/service-role/AWSLambdaENIManagementAccess",
            "name": "AWSLambdaENIManagementAccess",
            "path": "/service-role/",
            "path_prefix": null,
            "policy": "{\n  \"Version\": \"2012-10-17\",\n  \"Statement\": [\n    {\n      \"Effect\": \"Allow\",\n      \"Action\": [\n        \"ec2:CreateNetworkInterface\",\n        \"ec2:DescribeNetworkInterfaces\",\n        \"ec2:DeleteNetworkInterface\",\n        \"ec2:AssignPrivateIpAddresses\",\n        \"ec2:UnassignPrivateIpAddresses\"\n      ],\n      \"Resource\": \"*\"\n    }\n  ]\n}",
            "policy_id": "ANPAJXAW2Q3KPTURUT2QC",
            "tags": {}
          },
          "sensitive_attributes": []
        }
      ]
    },
    {
      "module": "module.migrations-lambda.module.lambda_function_from_container_image",
      "mode": "data",
      "type": "aws_iam_policy_document",
      "name": "assume_role",
      "provider": "provider[\"registry.terraform.io/hashicorp/aws\"]",
      "instances": [
        {
          "index_key": 0,
          "schema_version": 0,
          "attributes": {
            "id": "3693445097",
            "json": "{\n  \"Version\": \"2012-10-17\",\n  \"Statement\": [\n    {\n      \"Sid\": \"\",\n      \"Effect\": \"Allow\",\n      \"Action\": \"sts:AssumeRole\",\n      \"Principal\": {\n        \"Service\": \"lambda.amazonaws.com\"\n      }\n    }\n  ]\n}",
            "override_json": null,
            "override_policy_documents": null,
            "policy_id": null,
            "source_json": null,
            "source_policy_documents": null,
            "statement": [
              {
                "actions": [
                  "sts:AssumeRole"
                ],
                "condition": [],
                "effect": "Allow",
                "not_actions": [],
                "not_principals": [],
                "not_resources": [],
                "principals": [
                  {
                    "identifiers": [
                      "lambda.amazonaws.com"
                    ],
                    "type": "Service"
                  }
                ],
                "resources": [],
                "sid": ""
              }
            ],
            "version": "2012-10-17"
          },
          "sensitive_attributes": []
        }
      ]
    },
    {
      "module": "module.migrations-lambda.module.lambda_function_from_container_image",
      "mode": "data",
      "type": "aws_iam_policy_document",
      "name": "logs",
      "provider": "provider[\"registry.terraform.io/hashicorp/aws\"]",
      "instances": [
        {
          "index_key": 0,
          "schema_version": 0,
          "attributes": {
            "id": "2620809975",
            "json": "{\n  \"Version\": \"2012-10-17\",\n  \"Statement\": [\n    {\n      \"Sid\": \"\",\n      \"Effect\": \"Allow\",\n      \"Action\": [\n        \"logs:PutLogEvents\",\n        \"logs:CreateLogStream\",\n        \"logs:CreateLogGroup\"\n      ],\n      \"Resource\": [\n        \"arn:aws:logs:us-west-2:036512427359:log-group:/aws/lambda/starter-migrations:*:*\",\n        \"arn:aws:logs:us-west-2:036512427359:log-group:/aws/lambda/starter-migrations:*\"\n      ]\n    }\n  ]\n}",
            "override_json": null,
            "override_policy_documents": null,
            "policy_id": null,
            "source_json": null,
            "source_policy_documents": null,
            "statement": [
              {
                "actions": [
                  "logs:CreateLogGroup",
                  "logs:CreateLogStream",
                  "logs:PutLogEvents"
                ],
                "condition": [],
                "effect": "Allow",
                "not_actions": [],
                "not_principals": [],
                "not_resources": [],
                "principals": [],
                "resources": [
                  "arn:aws:logs:us-west-2:036512427359:log-group:/aws/lambda/starter-migrations:*",
                  "arn:aws:logs:us-west-2:036512427359:log-group:/aws/lambda/starter-migrations:*:*"
                ],
                "sid": ""
              }
            ],
            "version": "2012-10-17"
          },
          "sensitive_attributes": []
        }
      ]
    },
    {
      "module": "module.migrations-lambda.module.lambda_function_from_container_image",
      "mode": "data",
      "type": "external",
      "name": "archive_prepare",
      "provider": "provider[\"registry.terraform.io/hashicorp/external\"]",
      "instances": []
    },
    {
      "module": "module.migrations-lambda.module.lambda_function_from_container_image",
      "mode": "managed",
      "type": "aws_cloudwatch_log_group",
      "name": "lambda",
      "provider": "provider[\"registry.terraform.io/hashicorp/aws\"]",
      "instances": [
        {
          "index_key": 0,
          "schema_version": 0,
          "attributes": {
            "arn": "arn:aws:logs:us-west-2:036512427359:log-group:/aws/lambda/starter-migrations",
            "id": "/aws/lambda/starter-migrations",
            "kms_key_id": "",
            "name": "/aws/lambda/starter-migrations",
            "name_prefix": null,
            "retention_in_days": 7,
            "tags": null,
            "tags_all": {}
          },
          "sensitive_attributes": [],
          "private": "bnVsbA=="
        }
      ]
    },
    {
      "module": "module.migrations-lambda.module.lambda_function_from_container_image",
      "mode": "managed",
      "type": "aws_iam_policy",
      "name": "logs",
      "provider": "provider[\"registry.terraform.io/hashicorp/aws\"]",
      "instances": [
        {
          "index_key": 0,
          "schema_version": 0,
          "attributes": {
            "arn": "arn:aws:iam::036512427359:policy/starter-migrations-logs",
            "description": "",
            "id": "arn:aws:iam::036512427359:policy/starter-migrations-logs",
            "name": "starter-migrations-logs",
            "name_prefix": null,
            "path": "/",
            "policy": "{\n  \"Version\": \"2012-10-17\",\n  \"Statement\": [\n    {\n      \"Sid\": \"\",\n      \"Effect\": \"Allow\",\n      \"Action\": [\n        \"logs:PutLogEvents\",\n        \"logs:CreateLogStream\",\n        \"logs:CreateLogGroup\"\n      ],\n      \"Resource\": [\n        \"arn:aws:logs:us-west-2:036512427359:log-group:/aws/lambda/starter-migrations:*:*\",\n        \"arn:aws:logs:us-west-2:036512427359:log-group:/aws/lambda/starter-migrations:*\"\n      ]\n    }\n  ]\n}",
            "policy_id": "ANPAQRACPNVP6VSFUZCNL",
            "tags": null,
            "tags_all": {}
          },
          "sensitive_attributes": [],
          "private": "bnVsbA==",
          "dependencies": [
            "module.migrations-lambda.module.lambda_function_from_container_image.aws_cloudwatch_log_group.lambda",
            "module.migrations-lambda.module.lambda_function_from_container_image.data.aws_arn.log_group_arn",
            "module.migrations-lambda.module.lambda_function_from_container_image.data.aws_cloudwatch_log_group.lambda",
            "module.migrations-lambda.module.lambda_function_from_container_image.data.aws_iam_policy_document.logs"
          ]
        }
      ]
    },
    {
      "module": "module.migrations-lambda.module.lambda_function_from_container_image",
      "mode": "managed",
      "type": "aws_iam_policy",
      "name": "vpc",
      "provider": "provider[\"registry.terraform.io/hashicorp/aws\"]",
      "instances": [
        {
          "index_key": 0,
          "schema_version": 0,
          "attributes": {
            "arn": "arn:aws:iam::036512427359:policy/starter-migrations-vpc",
            "description": "",
            "id": "arn:aws:iam::036512427359:policy/starter-migrations-vpc",
            "name": "starter-migrations-vpc",
            "name_prefix": null,
            "path": "/",
            "policy": "{\n  \"Version\": \"2012-10-17\",\n  \"Statement\": [\n    {\n      \"Effect\": \"Allow\",\n      \"Action\": [\n        \"ec2:CreateNetworkInterface\",\n        \"ec2:DescribeNetworkInterfaces\",\n        \"ec2:DeleteNetworkInterface\",\n        \"ec2:AssignPrivateIpAddresses\",\n        \"ec2:UnassignPrivateIpAddresses\"\n      ],\n      \"Resource\": \"*\"\n    }\n  ]\n}",
            "policy_id": "ANPAQRACPNVPRQ4FHEH6B",
            "tags": null,
            "tags_all": {}
          },
          "sensitive_attributes": [],
          "private": "bnVsbA==",
          "dependencies": [
            "module.migrations-lambda.module.lambda_function_from_container_image.data.aws_iam_policy.vpc"
          ]
        }
      ]
    },
    {
      "module": "module.migrations-lambda.module.lambda_function_from_container_image",
      "mode": "managed",
      "type": "aws_iam_policy_attachment",
      "name": "logs",
      "provider": "provider[\"registry.terraform.io/hashicorp/aws\"]",
      "instances": [
        {
          "index_key": 0,
          "schema_version": 0,
          "attributes": {
            "groups": null,
            "id": "starter-migrations-logs",
            "name": "starter-migrations-logs",
            "policy_arn": "arn:aws:iam::036512427359:policy/starter-migrations-logs",
            "roles": [
              "starter-migrations"
            ],
            "users": null
          },
          "sensitive_attributes": [],
          "private": "bnVsbA==",
          "dependencies": [
            "module.migrations-lambda.module.lambda_function_from_container_image.aws_cloudwatch_log_group.lambda",
            "module.migrations-lambda.module.lambda_function_from_container_image.aws_iam_policy.logs",
            "module.migrations-lambda.module.lambda_function_from_container_image.aws_iam_role.lambda",
            "module.migrations-lambda.module.lambda_function_from_container_image.data.aws_arn.log_group_arn",
            "module.migrations-lambda.module.lambda_function_from_container_image.data.aws_cloudwatch_log_group.lambda",
            "module.migrations-lambda.module.lambda_function_from_container_image.data.aws_iam_policy_document.assume_role",
            "module.migrations-lambda.module.lambda_function_from_container_image.data.aws_iam_policy_document.logs"
          ]
        }
      ]
    },
    {
      "module": "module.migrations-lambda.module.lambda_function_from_container_image",
      "mode": "managed",
      "type": "aws_iam_policy_attachment",
      "name": "vpc",
      "provider": "provider[\"registry.terraform.io/hashicorp/aws\"]",
      "instances": [
        {
          "index_key": 0,
          "schema_version": 0,
          "attributes": {
            "groups": null,
            "id": "starter-migrations-vpc",
            "name": "starter-migrations-vpc",
            "policy_arn": "arn:aws:iam::036512427359:policy/starter-migrations-vpc",
            "roles": [
              "starter-migrations"
            ],
            "users": null
          },
          "sensitive_attributes": [],
          "private": "bnVsbA==",
          "dependencies": [
            "module.migrations-lambda.module.lambda_function_from_container_image.aws_iam_policy.vpc",
            "module.migrations-lambda.module.lambda_function_from_container_image.aws_iam_role.lambda",
            "module.migrations-lambda.module.lambda_function_from_container_image.data.aws_iam_policy.vpc",
            "module.migrations-lambda.module.lambda_function_from_container_image.data.aws_iam_policy_document.assume_role"
          ]
        }
      ]
    },
    {
      "module": "module.migrations-lambda.module.lambda_function_from_container_image",
      "mode": "managed",
      "type": "aws_iam_role",
      "name": "lambda",
      "provider": "provider[\"registry.terraform.io/hashicorp/aws\"]",
      "instances": [
        {
          "index_key": 0,
          "schema_version": 0,
          "attributes": {
            "arn": "arn:aws:iam::036512427359:role/starter-migrations",
            "assume_role_policy": "{\"Version\":\"2012-10-17\",\"Statement\":[{\"Sid\":\"\",\"Effect\":\"Allow\",\"Principal\":{\"Service\":\"lambda.amazonaws.com\"},\"Action\":\"sts:AssumeRole\"}]}",
            "create_date": "2021-12-02T03:13:56Z",
            "description": "",
            "force_detach_policies": true,
            "id": "starter-migrations",
            "inline_policy": [
              {
                "name": "",
                "policy": ""
              }
            ],
            "managed_policy_arns": [],
            "max_session_duration": 3600,
            "name": "starter-migrations",
            "name_prefix": "",
            "path": "/",
            "permissions_boundary": null,
            "tags": null,
            "tags_all": {},
            "unique_id": "AROAQRACPNVPZ3I5VER6U"
          },
          "sensitive_attributes": [],
          "private": "bnVsbA==",
          "dependencies": [
            "module.migrations-lambda.module.lambda_function_from_container_image.data.aws_iam_policy_document.assume_role"
          ]
        }
      ]
    },
    {
      "module": "module.migrations-lambda.module.lambda_function_from_container_image",
      "mode": "managed",
      "type": "aws_lambda_function",
      "name": "this",
      "provider": "provider[\"registry.terraform.io/hashicorp/aws\"]",
      "instances": []
    },
    {
      "module": "module.migrations-lambda.module.lambda_function_from_container_image",
      "mode": "managed",
      "type": "aws_s3_bucket_object",
      "name": "lambda_package",
      "provider": "provider[\"registry.terraform.io/hashicorp/aws\"]",
      "instances": []
    },
    {
      "module": "module.migrations-lambda.module.lambda_function_from_container_image",
      "mode": "managed",
      "type": "null_resource",
      "name": "archive",
      "provider": "provider[\"registry.terraform.io/hashicorp/null\"]",
      "instances": []
    },
    {
      "module": "module.starter_data_upserter_docker_image",
      "mode": "data",
      "type": "aws_caller_identity",
      "name": "this",
      "provider": "provider[\"registry.terraform.io/hashicorp/aws\"]",
      "instances": [
        {
          "schema_version": 0,
          "attributes": {
            "account_id": "036512427359",
            "arn": "arn:aws:iam::036512427359:user/terraform-user",
            "id": "036512427359",
            "user_id": "AIDAQRACPNVP5I4YRIFQ7"
          },
          "sensitive_attributes": []
        }
      ]
    },
    {
      "module": "module.starter_data_upserter_docker_image",
      "mode": "data",
      "type": "aws_ecr_authorization_token",
      "name": "token",
      "provider": "provider[\"registry.terraform.io/hashicorp/aws\"]",
      "instances": [
        {
          "schema_version": 0,
          "attributes": {
            "authorization_token": "QVdTOmV5SndZWGxzYjJGa0lqb2lTMGx0TmtkclltbGFXVUpuSzBsaWVXNVRWRmdyYmpGdlNVWTJjWFYwVmpNeWJYQnRhRVp2WVhGbk5YcE5WVFZNUWxSd1FXSk5Ubkl3WVVKQldVbFBXQzlXU0hweGFuRXZTRWRoYVN0REsyUktiSEZxYTNBNWJqWnhXV1J4ZG5wQ2VsVnhjbHAxVWk5YWNsVlZWbUpuWldNeU9Xb3pSMjkwYW1acWVuTk1RVVpoVUhSS1JIRnBNMmhYTkN0amFFcERjMGwxUzNNMVNIWmFUMk0zU21Oc05GcGxOazU1THpVMmVsWmxMMDlTWTFwQmF6YzNhR0V2YUhGeVlrNWFSelpyZEhjMWEwOW5helJuYkd4NU1qUktjVEJRVGpSTU5sUjBaRTlLZUhWSVFUTkliVVU1YkhWTU56Vm1ZVzlLYUZSWmExSktaRlIxYldkdk1sWTRZV05QZVcxclFrVldUakZ0YnpsWVVFVTNOMFJ5Um5sYU9WUXZLM0JMYTJVdlkzSkNMM0pWVTNkNk5URXJSbGRxTlhwRmJYUjFkbHBSYldSV05WbDVTRzVVZGs4eldsZFhhVGg0ZDA0eWFXeHdiMlpNYVRGR1lWcGxPREJxU0ZoQ2MyNDNlalZwV21zeGMwUnphMnMwZUdoSmJYTTBjV2wyWlZJM1FpczJTV014U0hkQ2NpOWFkU3RLVldWcVowdGthekkyV0ZaQmFqbHhaa2wwY3pKbGJVTnZLelpaZUhVeU5EUjNjM2htVkVGRWNuVklTV05VU1d4TFduWXhkWGxYYmpWdVFXRm9SQ3N5U2tkUlRFMVVUMmhWTkVGNVNrWkNXVUowT1ZFdk5GbGFZMDFCUm5CNWFuRlpaakpaU0hWbVVVNWlSVWg2VUhWeGNGTkxhWEpLVTFWUGRDOUpPVzlRYzNnd01ubHZUM3BpZG5sd1QyZG5VVlp1U2pWR1pEUkVjMGhyTVdsYVJXSmxRbE5sVWxWd1VpdEJiR2d4Wm1ZMWNsbFVjVVIyVkdscGVqRjRjMVphUWk5WGVEVlRlbWhGWlhBNVkyZGFRMWQ0TDNOR2NHNUhUMHMwZWxndmQzWk1Oa2xxT1dsMFlYZGpXVVZoYkZkSFlsQnpkbmxpZDNZemEwdFFZbGROVVdWVk0yWXdkMGw0YlhwS2ExaEdOM04xYXk4d05XeHRkbVZHYTBzMlVYWnRaR1JCT1c1V2NUVmhNRmwzT1ZRdlQzaFFkWFZwZW5OeFYycE1VMFJWYjAxSGVWTnVjazU1VFRVdmRUZHlZMUU0UlU5RFdWUXdjbTFLT1VsWFYwUmtSbkZUWkVOd2JGUXhjMHBJTVVKTUwzWnlXbVZIUW5ZclZGVnBkRXBoV2tsVlZFSjNXVWhOVEVZMk5HNUhRVU5oUjI5elFVbDZOVkpoZVZNeFN5ODNZa2RTUVZaU1dHdDBWbXRyWVVSelRHeHFRVmx3UjJkMmNGZEplVWgyTVVaUWFWaHRaWGRyTTJOVmVsRmllVGhDV0VSR1VHaFRXamN6VUVvMk1uQnRaMUJuTjNwdFoxQm9LMGhZZGxWRE5tSXlOMGxOTWxWc2NqWTVWVkJ3TTJ4UGRFdGFTMVZGUW5WUlMxSmlSamhtZFhOS1FVWTVVMmh6V2pkQ2RUbGFjVzFoUWxCaFRWbEpRbVp6V0RNelNFTk5Oa2hKUzFkclYyNHljbU5WZWtKVWVEWjBlRWg2UVVOb1UzVlpjRFpKTjBoV0swdFhNRzF5Y2pCMmEydENiRE5wZVhWcGEwazBNMGx6Wm1sR2RWVlFORU5OWWtWTVduaG1lRXRZTW1SdVYwTnVUamRQVlRKcE0yUk1MMlJDTkVsa1VUMDlJaXdpWkdGMFlXdGxlU0k2SWtGUlJVSkJTR28yYkdNMFdFbEtkeTgzYkc0d1NHTXdNRVJOWldzMlIwVjRTRU5pV1RSU1NYQlVUVU5KTlRoSmJsVjNRVUZCU0RSM1prRlpTa3R2V2tsb2RtTk9RVkZqUjI5SE9IZGlVVWxDUVVSQ2IwSm5hM0ZvYTJsSE9YY3dRa0ozUlhkSVoxbEtXVWxhU1VGWFZVUkNRVVYxVFVKRlJVUlBkRkZHZUhoWloxZGtURFp4WW5sdGQwbENSVWxCTjNwVlRWVkpVMmx2WjJnMGJXUlFSMk5VTm13eE1sRTFkbXBXZGtsNGFFWnpTbkJWWlRGRFdYazFSRXRtVjFobWJHazBjMWhDYmpoWmJUUkROMjk1UTA1WGVVWnRhWHB6UVhablFuUkVSR3M5SWl3aWRtVnljMmx2YmlJNklqSWlMQ0owZVhCbElqb2lSRUZVUVY5TFJWa2lMQ0psZUhCcGNtRjBhVzl1SWpveE5qTTRORFUzT1RNMGZRPT0=",
            "expires_at": "2021-12-02T15:12:14Z",
            "id": "us-west-2",
            "password": "eyJwYXlsb2FkIjoiS0ltNkdrYmlaWUJnK0lieW5TVFgrbjFvSUY2cXV0VjMybXBtaEZvYXFnNXpNVTVMQlRwQWJNTnIwYUJBWUlPWC9WSHpxanEvSEdhaStDK2RKbHFqa3A5bjZxWWRxdnpCelVxclp1Ui9aclVVVmJnZWMyOWozR290amZqenNMQUZhUHRKRHFpM2hXNCtjaEpDc0l1S3M1SHZaT2M3SmNsNFplNk55LzU2elZlL09SY1pBazc3aGEvaHFyYk5aRzZrdHc1a09nazRnbGx5MjRKcTBQTjRMNlR0ZE9KeHVIQTNIbUU5bHVMNzVmYW9KaFRZa1JKZFR1bWdvMlY4YWNPeW1rQkVWTjFtbzlYUEU3N0RyRnlaOVQvK3BLa2UvY3JCL3JVU3d6NTErRldqNXpFbXR1dlpRbWRWNVl5SG5Udk8zWldXaTh4d04yaWxwb2ZMaTFGYVplODBqSFhCc243ejVpWmsxc0Rza2s0eGhJbXM0cWl2ZVI3Qis2SWMxSHdCci9adStKVWVqZ0tkazI2WFZBajlxZkl0czJlbUNvKzZZeHUyNDR3c3hmVEFEcnVISWNUSWxLWnYxdXlXbjVuQWFoRCsySkdRTE1UT2hVNEF5SkZCWUJ0OVEvNFlaY01BRnB5anFZZjJZSHVmUU5iRUh6UHVxcFNLaXJKU1VPdC9JOW9Qc3gwMnlvT3pidnlwT2dnUVZuSjVGZDREc0hrMWlaRWJlQlNlUlVwUitBbGgxZmY1cllUcUR2VGlpejF4c1ZaQi9XeDVTemhFZXA5Y2daQ1d4L3NGcG5HT0s0elgvd3ZMNklqOWl0YXdjWUVhbFdHYlBzdnlid3Yza0tQYldNUWVVM2Ywd0l4bXpKa1hGN3N1ay8wNWxtdmVGa0s2UXZtZGRBOW5WcTVhMFl3OVQvT3hQdXVpenNxV2pMU0RVb01HeVNuck55TTUvdTdyY1E4RU9DWVQwcm1KOUlXV0RkRnFTZENwbFQxc0pIMUJML3ZyWmVHQnYrVFVpdEphWklVVEJ3WUhNTEY2NG5HQUNhR29zQUl6NVJheVMxSy83YkdSQVZSWGt0VmtrYURzTGxqQVlwR2d2cFdJeUh2MUZQaVhtZXdrM2NVelFieThCWERGUGhTWjczUEo2MnBtZ1BnN3ptZ1BoK0hYdlVDNmIyN0lNMlVscjY5VVBwM2xPdEtaS1VFQnVRS1JiRjhmdXNKQUY5U2hzWjdCdTlacW1hQlBhTVlJQmZzWDMzSENNNkhJS1drV24ycmNVekJUeDZ0eEh6QUNoU3VZcDZJN0hWK0tXMG1ycjB2a2tCbDNpeXVpa0k0M0lzZmlGdVVQNENNYkVMWnhmeEtYMmRuV0NuTjdPVTJpM2RML2RCNElkUT09IiwiZGF0YWtleSI6IkFRRUJBSGo2bGM0WElKdy83bG4wSGMwMERNZWs2R0V4SENiWTRSSXBUTUNJNThJblV3QUFBSDR3ZkFZSktvWklodmNOQVFjR29HOHdiUUlCQURCb0Jna3Foa2lHOXcwQkJ3RXdIZ1lKWUlaSUFXVURCQUV1TUJFRURPdFFGeHhZZ1dkTDZxYnltd0lCRUlBN3pVTVVJU2lvZ2g0bWRQR2NUNmwxMlE1dmpWdkl4aEZzSnBVZTFDWXk1REtmV1hmbGk0c1hCbjhZbTRDN295Q05XeUZtaXpzQXZnQnRERGs9IiwidmVyc2lvbiI6IjIiLCJ0eXBlIjoiREFUQV9LRVkiLCJleHBpcmF0aW9uIjoxNjM4NDU3OTM0fQ==",
            "proxy_endpoint": "https://036512427359.dkr.ecr.us-west-2.amazonaws.com",
            "registry_id": null,
            "user_name": "AWS"
          },
          "sensitive_attributes": []
        }
      ]
    },
    {
      "module": "module.starter_data_upserter_docker_image",
      "mode": "data",
      "type": "aws_region",
      "name": "current",
      "provider": "provider[\"registry.terraform.io/hashicorp/aws\"]",
      "instances": [
        {
          "schema_version": 0,
          "attributes": {
            "description": "US West (Oregon)",
            "endpoint": "ec2.us-west-2.amazonaws.com",
            "id": "us-west-2",
            "name": "us-west-2"
          },
          "sensitive_attributes": []
        }
      ]
    },
    {
      "module": "module.starter_data_upserter_docker_image",
      "mode": "managed",
      "type": "aws_ecr_repository",
      "name": "this",
      "provider": "provider[\"registry.terraform.io/hashicorp/aws\"]",
      "instances": []
    },
    {
      "module": "module.starter_data_upserter_docker_image",
      "mode": "managed",
      "type": "docker_registry_image",
      "name": "this",
      "provider": "module.starter_data_upserter_docker_image.provider[\"registry.terraform.io/kreuzwerker/docker\"]",
      "instances": []
    }
  ]
}
